// !$*UTF8*$!
{
	archiveVersion = 1;
	classes = {
	};
	objectVersion = 77;
	objects = {

/* Begin PBXBuildFile section */
		B3913FA92F7850B20080F663 /* Fuzzy Tab Extension.appex in Embed Foundation Extensions */ = {isa = PBXBuildFile; fileRef = B3913FA82F7850B20080F663 /* Fuzzy Tab Extension.appex */; settings = {ATTRIBUTES = (RemoveHeadersOnCopy, ); }; };
/* End PBXBuildFile section */

/* Begin PBXContainerItemProxy section */
		B3913F932F7850B20080F663 /* PBXContainerItemProxy */ = {
			isa = PBXContainerItemProxy;
			containerPortal = B3913F702F7850B20080F663 /* Project object */;
			proxyType = 1;
			remoteGlobalIDString = B3913F772F7850B20080F663;
			remoteInfo = "Fuzzy Tab";
		};
		B3913F9D2F7850B20080F663 /* PBXContainerItemProxy */ = {
			isa = PBXContainerItemProxy;
			containerPortal = B3913F702F7850B20080F663 /* Project object */;
			proxyType = 1;
			remoteGlobalIDString = B3913F772F7850B20080F663;
			remoteInfo = "Fuzzy Tab";
		};
		B3913FAA2F7850B20080F663 /* PBXContainerItemProxy */ = {
			isa = PBXContainerItemProxy;
			containerPortal = B3913F702F7850B20080F663 /* Project object */;
			proxyType = 1;
			remoteGlobalIDString = B3913FA72F7850B20080F663;
			remoteInfo = "Fuzzy Tab Extension";
		};
/* End PBXContainerItemProxy section */

/* Begin PBXCopyFilesBuildPhase section */
		B3913FC72F7850B20080F663 /* Embed Foundation Extensions */ = {
			isa = PBXCopyFilesBuildPhase;
			buildActionMask = 2147483647;
			dstPath = "";
			dstSubfolderSpec = 13;
			files = (
				B3913FA92F7850B20080F663 /* Fuzzy Tab Extension.appex in Embed Foundation Extensions */,
			);
			name = "Embed Foundation Extensions";
			runOnlyForDeploymentPostprocessing = 0;
		};
/* End PBXCopyFilesBuildPhase section */

/* Begin PBXFileReference section */
		B3913F782F7850B20080F663 /* Fuzzy Tab.app */ = {isa = PBXFileReference; explicitFileType = wrapper.application; includeInIndex = 0; path = "Fuzzy Tab.app"; sourceTree = BUILT_PRODUCTS_DIR; };
		B3913F922F7850B20080F663 /* Fuzzy TabTests.xctest */ = {isa = PBXFileReference; explicitFileType = wrapper.cfbundle; includeInIndex = 0; path = "Fuzzy TabTests.xctest"; sourceTree = BUILT_PRODUCTS_DIR; };
		B3913F9C2F7850B20080F663 /* Fuzzy TabUITests.xctest */ = {isa = PBXFileReference; explicitFileType = wrapper.cfbundle; includeInIndex = 0; path = "Fuzzy TabUITests.xctest"; sourceTree = BUILT_PRODUCTS_DIR; };
		B3913FA82F7850B20080F663 /* Fuzzy Tab Extension.appex */ = {isa = PBXFileReference; explicitFileType = "wrapper.app-extension"; includeInIndex = 0; path = "Fuzzy Tab Extension.appex"; sourceTree = BUILT_PRODUCTS_DIR; };
/* End PBXFileReference section */

/* Begin PBXFileSystemSynchronizedBuildFileExceptionSet section */
		B3913FC12F7850B20080F663 /* Exceptions for "Fuzzy Tab Extension" folder in "Fuzzy Tab Extension" target */ = {
			isa = PBXFileSystemSynchronizedBuildFileExceptionSet;
			membershipExceptions = (
				Info.plist,
			);
			target = B3913FA72F7850B20080F663 /* Fuzzy Tab Extension */;
		};
/* End PBXFileSystemSynchronizedBuildFileExceptionSet section */

/* Begin PBXFileSystemSynchronizedRootGroup section */
		B3913F7A2F7850B20080F663 /* Fuzzy Tab */ = {
			isa = PBXFileSystemSynchronizedRootGroup;
			path = "Fuzzy Tab";
			sourceTree = "<group>";
		};
		B3913F952F7850B20080F663 /* Fuzzy TabTests */ = {
			isa = PBXFileSystemSynchronizedRootGroup;
			path = "Fuzzy TabTests";
			sourceTree = "<group>";
		};
		B3913F9F2F7850B20080F663 /* Fuzzy TabUITests */ = {
			isa = PBXFileSystemSynchronizedRootGroup;
			path = "Fuzzy TabUITests";
			sourceTree = "<group>";
		};
		B3913FAC2F7850B20080F663 /* Fuzzy Tab Extension */ = {
			isa = PBXFileSystemSynchronizedRootGroup;
			exceptions = (
				B3913FC12F7850B20080F663 /* Exceptions for "Fuzzy Tab Extension" folder in "Fuzzy Tab Extension" target */,
			);
			explicitFolders = (
				Resources/_locales,
				Resources/images,
			);
			path = "Fuzzy Tab Extension";
			sourceTree = "<group>";
		};
/* End PBXFileSystemSynchronizedRootGroup section */

/* Begin PBXFrameworksBuildPhase section */
		B3913F752F7850B20080F663 /* Frameworks */ = {
			isa = PBXFrameworksBuildPhase;
			buildActionMask = 2147483647;
			files = (
			);
			runOnlyForDeploymentPostprocessing = 0;
		};
		B3913F8F2F7850B20080F663 /* Frameworks */ = {
			isa = PBXFrameworksBuildPhase;
			buildActionMask = 2147483647;
			files = (
			);
			runOnlyForDeploymentPostprocessing = 0;
		};
		B3913F992F7850B20080F663 /* Frameworks */ = {
			isa = PBXFrameworksBuildPhase;
			buildActionMask = 2147483647;
			files = (
			);
			runOnlyForDeploymentPostprocessing = 0;
		};
		B3913FA52F7850B20080F663 /* Frameworks */ = {
			isa = PBXFrameworksBuildPhase;
			buildActionMask = 2147483647;
			files = (
			);
			runOnlyForDeploymentPostprocessing = 0;
		};
/* End PBXFrameworksBuildPhase section */

/* Begin PBXGroup section */
		B3913F6F2F7850B20080F663 = {
			isa = PBXGroup;
			children = (
				B3913F7A2F7850B20080F663 /* Fuzzy Tab */,
				B3913F952F7850B20080F663 /* Fuzzy TabTests */,
				B3913F9F2F7850B20080F663 /* Fuzzy TabUITests */,
				B3913FAC2F7850B20080F663 /* Fuzzy Tab Extension */,
				B3913F792F7850B20080F663 /* Products */,
			);
			sourceTree = "<group>";
		};
		B3913F792F7850B20080F663 /* Products */ = {
			isa = PBXGroup;
			children = (
				B3913F782F7850B20080F663 /* Fuzzy Tab.app */,
				B3913F922F7850B20080F663 /* Fuzzy TabTests.xctest */,
				B3913F9C2F7850B20080F663 /* Fuzzy TabUITests.xctest */,
				B3913FA82F7850B20080F663 /* Fuzzy Tab Extension.appex */,
			);
			name = Products;
			sourceTree = "<group>";
		};
/* End PBXGroup section */

/* Begin PBXNativeTarget section */
		B3913F772F7850B20080F663 /* Fuzzy Tab */ = {
			isa = PBXNativeTarget;
			buildConfigurationList = B3913FC82F7850B20080F663 /* Build configuration list for PBXNativeTarget "Fuzzy Tab" */;
			buildPhases = (
				B3913F742F7850B20080F663 /* Sources */,
				B3913F752F7850B20080F663 /* Frameworks */,
				B3913F762F7850B20080F663 /* Resources */,
				B3913FC72F7850B20080F663 /* Embed Foundation Extensions */,
			);
			buildRules = (
			);
			dependencies = (
				B3913FAB2F7850B20080F663 /* PBXTargetDependency */,
			);
			fileSystemSynchronizedGroups = (
				B3913F7A2F7850B20080F663 /* Fuzzy Tab */,
			);
			name = "Fuzzy Tab";
			packageProductDependencies = (
			);
			productName = "Fuzzy Tab";
			productReference = B3913F782F7850B20080F663 /* Fuzzy Tab.app */;
			productType = "com.apple.product-type.application";
		};
		B3913F912F7850B20080F663 /* Fuzzy TabTests */ = {
			isa = PBXNativeTarget;
			buildConfigurationList = B3913FCB2F7850B20080F663 /* Build configuration list for PBXNativeTarget "Fuzzy TabTests" */;
			buildPhases = (
				B3913F8E2F7850B20080F663 /* Sources */,
				B3913F8F2F7850B20080F663 /* Frameworks */,
				B3913F902F7850B20080F663 /* Resources */,
			);
			buildRules = (
			);
			dependencies = (
				B3913F942F7850B20080F663 /* PBXTargetDependency */,
			);
			fileSystemSynchronizedGroups = (
				B3913F952F7850B20080F663 /* Fuzzy TabTests */,
			);
			name = "Fuzzy TabTests";
			packageProductDependencies = (
			);
			productName = "Fuzzy TabTests";
			productReference = B3913F922F7850B20080F663 /* Fuzzy TabTests.xctest */;
			productType = "com.apple.product-type.bundle.unit-test";
		};
		B3913F9B2F7850B20080F663 /* Fuzzy TabUITests */ = {
			isa = PBXNativeTarget;
			buildConfigurationList = B3913FCE2F7850B20080F663 /* Build configuration list for PBXNativeTarget "Fuzzy TabUITests" */;
			buildPhases = (
				B3913F982F7850B20080F663 /* Sources */,
				B3913F992F7850B20080F663 /* Frameworks */,
				B3913F9A2F7850B20080F663 /* Resources */,
			);
			buildRules = (
			);
			dependencies = (
				B3913F9E2F7850B20080F663 /* PBXTargetDependency */,
			);
			fileSystemSynchronizedGroups = (
				B3913F9F2F7850B20080F663 /* Fuzzy TabUITests */,
			);
			name = "Fuzzy TabUITests";
			packageProductDependencies = (
			);
			productName = "Fuzzy TabUITests";
			productReference = B3913F9C2F7850B20080F663 /* Fuzzy TabUITests.xctest */;
			productType = "com.apple.product-type.bundle.ui-testing";
		};
		B3913FA72F7850B20080F663 /* Fuzzy Tab Extension */ = {
			isa = PBXNativeTarget;
			buildConfigurationList = B3913FC22F7850B20080F663 /* Build configuration list for PBXNativeTarget "Fuzzy Tab Extension" */;
			buildPhases = (
				B3913FA42F7850B20080F663 /* Sources */,
				B3913FA52F7850B20080F663 /* Frameworks */,
				B3913FA62F7850B20080F663 /* Resources */,
			);
			buildRules = (
			);
			dependencies = (
			);
			fileSystemSynchronizedGroups = (
				B3913FAC2F7850B20080F663 /* Fuzzy Tab Extension */,
			);
			name = "Fuzzy Tab Extension";
			packageProductDependencies = (
			);
			productName = "Fuzzy Tab Extension";
			productReference = B3913FA82F7850B20080F663 /* Fuzzy Tab Extension.appex */;
			productType = "com.apple.product-type.app-extension";
		};
/* End PBXNativeTarget section */

/* Begin PBXProject section */
		B3913F702F7850B20080F663 /* Project object */ = {
			isa = PBXProject;
			attributes = {
				BuildIndependentTargetsInParallel = 1;
				LastSwiftUpdateCheck = 2610;
				LastUpgradeCheck = 2610;
				TargetAttributes = {
					B3913F772F7850B20080F663 = {
						CreatedOnToolsVersion = 26.1;
					};
					B3913F912F7850B20080F663 = {
						CreatedOnToolsVersion = 26.1;
						TestTargetID = B3913F772F7850B20080F663;
					};
					B3913F9B2F7850B20080F663 = {
						CreatedOnToolsVersion = 26.1;
						TestTargetID = B3913F772F7850B20080F663;
					};
					B3913FA72F7850B20080F663 = {
						CreatedOnToolsVersion = 26.1;
					};
				};
			};
			buildConfigurationList = B3913F732F7850B20080F663 /* Build configuration list for PBXProject "Fuzzy Tab" */;
			developmentRegion = en;
			hasScannedForEncodings = 0;
			knownRegions = (
				en,
				Base,
			);
			mainGroup = B3913F6F2F7850B20080F663;
			minimizedProjectReferenceProxies = 1;
			preferredProjectObjectVersion = 77;
			productRefGroup = B3913F792F7850B20080F663 /* Products */;
			projectDirPath = "";
			projectRoot = "";
			targets = (
				B3913F772F7850B20080F663 /* Fuzzy Tab */,
				B3913F912F7850B20080F663 /* Fuzzy TabTests */,
				B3913F9B2F7850B20080F663 /* Fuzzy TabUITests */,
				B3913FA72F7850B20080F663 /* Fuzzy Tab Extension */,
			);
		};
/* End PBXProject section */

/* Begin PBXResourcesBuildPhase section */
		B3913F762F7850B20080F663 /* Resources */ = {
			isa = PBXResourcesBuildPhase;
			buildActionMask = 2147483647;
			files = (
			);
			runOnlyForDeploymentPostprocessing = 0;
		};
		B3913F902F7850B20080F663 /* Resources */ = {
			isa = PBXResourcesBuildPhase;
			buildActionMask = 2147483647;
			files = (
			);
			runOnlyForDeploymentPostprocessing = 0;
		};
		B3913F9A2F7850B20080F663 /* Resources */ = {
			isa = PBXResourcesBuildPhase;
			buildActionMask = 2147483647;
			files = (
			);
			runOnlyForDeploymentPostprocessing = 0;
		};
		B3913FA62F7850B20080F663 /* Resources */ = {
			isa = PBXResourcesBuildPhase;
			buildActionMask = 2147483647;
			files = (
			);
			runOnlyForDeploymentPostprocessing = 0;
		};
/* End PBXResourcesBuildPhase section */

/* Begin PBXSourcesBuildPhase section */
		B3913F742F7850B20080F663 /* Sources */ = {
			isa = PBXSourcesBuildPhase;
			buildActionMask = 2147483647;
			files = (
			);
			runOnlyForDeploymentPostprocessing = 0;
		};
		B3913F8E2F7850B20080F663 /* Sources */ = {
			isa = PBXSourcesBuildPhase;
			buildActionMask = 2147483647;
			files = (
			);
			runOnlyForDeploymentPostprocessing = 0;
		};
		B3913F982F7850B20080F663 /* Sources */ = {
			isa = PBXSourcesBuildPhase;
			buildActionMask = 2147483647;
			files = (
			);
			runOnlyForDeploymentPostprocessing = 0;
		};
		B3913FA42F7850B20080F663 /* Sources */ = {
			isa = PBXSourcesBuildPhase;
			buildActionMask = 2147483647;
			files = (
			);
			runOnlyForDeploymentPostprocessing = 0;
		};
/* End PBXSourcesBuildPhase section */

/* Begin PBXTargetDependency section */
		B3913F942F7850B20080F663 /* PBXTargetDependency */ = {
			isa = PBXTargetDependency;
			target = B3913F772F7850B20080F663 /* Fuzzy Tab */;
			targetProxy = B3913F932F7850B20080F663 /* PBXContainerItemProxy */;
		};
		B3913F9E2F7850B20080F663 /* PBXTargetDependency */ = {
			isa = PBXTargetDependency;
			target = B3913F772F7850B20080F663 /* Fuzzy Tab */;
			targetProxy = B3913F9D2F7850B20080F663 /* PBXContainerItemProxy */;
		};
		B3913FAB2F7850B20080F663 /* PBXTargetDependency */ = {
			isa = PBXTargetDependency;
			target = B3913FA72F7850B20080F663 /* Fuzzy Tab Extension */;
			targetProxy = B3913FAA2F7850B20080F663 /* PBXContainerItemProxy */;
		};
/* End PBXTargetDependency section */

/* Begin XCBuildConfiguration section */
		B3913FC32F7850B20080F663 /* Debug */ = {
			isa = XCBuildConfiguration;
			buildSettings = {
				CODE_SIGN_STYLE = Automatic;
				CURRENT_PROJECT_VERSION = 1;
				DEVELOPMENT_TEAM = SDCSUQWBYR;
				ENABLE_APP_SANDBOX = YES;
				ENABLE_HARDENED_RUNTIME = YES;
				ENABLE_USER_SELECTED_FILES = readonly;
				GENERATE_INFOPLIST_FILE = YES;
				INFOPLIST_FILE = "Fuzzy Tab Extension/Info.plist";
				INFOPLIST_KEY_CFBundleDisplayName = "Fuzzy Tab Extension";
				INFOPLIST_KEY_NSHumanReadableCopyright = "";
				LD_RUNPATH_SEARCH_PATHS = (
					"$(inherited)",
					"@executable_path/../Frameworks",
					"@executable_path/../../../../Frameworks",
				);
				MACOSX_DEPLOYMENT_TARGET = 10.14;
				MARKETING_VERSION = 1.0;
				OTHER_LDFLAGS = (
					"-framework",
					SafariServices,
				);
				PRODUCT_BUNDLE_IDENTIFIER = "rvdeguzman.Fuzzy-Tab.Extension";
				PRODUCT_NAME = "$(TARGET_NAME)";
				SKIP_INSTALL = YES;
				STRING_CATALOG_GENERATE_SYMBOLS = YES;
				SWIFT_APPROACHABLE_CONCURRENCY = YES;
				SWIFT_EMIT_LOC_STRINGS = YES;
				SWIFT_UPCOMING_FEATURE_MEMBER_IMPORT_VISIBILITY = YES;
				SWIFT_VERSION = 5.0;
			};
			name = Debug;
		};
		B3913FC42F7850B20080F663 /* Release */ = {
			isa = XCBuildConfiguration;
			buildSettings = {
				CODE_SIGN_STYLE = Automatic;
				CURRENT_PROJECT_VERSION = 1;
				DEVELOPMENT_TEAM = SDCSUQWBYR;
				ENABLE_APP_SANDBOX = YES;
				ENABLE_HARDENED_RUNTIME = YES;
				ENABLE_USER_SELECTED_FILES = readonly;
				GENERATE_INFOPLIST_FILE = YES;
				INFOPLIST_FILE = "Fuzzy Tab Extension/Info.plist";
				INFOPLIST_KEY_CFBundleDisplayName = "Fuzzy Tab Extension";
				INFOPLIST_KEY_NSHumanReadableCopyright = "";
				LD_RUNPATH_SEARCH_PATHS = (
					"$(inherited)",
					"@executable_path/../Frameworks",
					"@executable_path/../../../../Frameworks",
				);
				MACOSX_DEPLOYMENT_TARGET = 10.14;
				MARKETING_VERSION = 1.0;
				OTHER_LDFLAGS = (
					"-framework",
					SafariServices,
				);
				PRODUCT_BUNDLE_IDENTIFIER = "rvdeguzman.Fuzzy-Tab.Extension";
				PRODUCT_NAME = "$(TARGET_NAME)";
				SKIP_INSTALL = YES;
				STRING_CATALOG_GENERATE_SYMBOLS = YES;
				SWIFT_APPROACHABLE_CONCURRENCY = YES;
				SWIFT_EMIT_LOC_STRINGS = YES;
				SWIFT_UPCOMING_FEATURE_MEMBER_IMPORT_VISIBILITY = YES;
				SWIFT_VERSION = 5.0;
			};
			name = Release;
		};
		B3913FC52F7850B20080F663 /* Debug */ = {
			isa = XCBuildConfiguration;
			buildSettings = {
				ALWAYS_SEARCH_USER_PATHS = NO;
				ASSETCATALOG_COMPILER_GENERATE_SWIFT_ASSET_SYMBOL_EXTENSIONS = YES;
				CLANG_ANALYZER_NONNULL = YES;
				CLANG_ANALYZER_NUMBER_OBJECT_CONVERSION = YES_AGGRESSIVE;
				CLANG_CXX_LANGUAGE_STANDARD = "gnu++20";
				CLANG_ENABLE_MODULES = YES;
				CLANG_ENABLE_OBJC_ARC = YES;
				CLANG_ENABLE_OBJC_WEAK = YES;
				CLANG_WARN_BLOCK_CAPTURE_AUTORELEASING = YES;
				CLANG_WARN_BOOL_CONVERSION = YES;
				CLANG_WARN_COMMA = YES;
				CLANG_WARN_CONSTANT_CONVERSION = YES;
				CLANG_WARN_DEPRECATED_OBJC_IMPLEMENTATIONS = YES;
				CLANG_WARN_DIRECT_OBJC_ISA_USAGE = YES_ERROR;
				CLANG_WARN_DOCUMENTATION_COMMENTS = YES;
				CLANG_WARN_EMPTY_BODY = YES;
				CLANG_WARN_ENUM_CONVERSION = YES;
				CLANG_WARN_INFINITE_RECURSION = YES;
				CLANG_WARN_INT_CONVERSION = YES;
				CLANG_WARN_NON_LITERAL_NULL_CONVERSION = YES;
				CLANG_WARN_OBJC_IMPLICIT_RETAIN_SELF = YES;
				CLANG_WARN_OBJC_LITERAL_CONVERSION = YES;
				CLANG_WARN_OBJC_ROOT_CLASS = YES_ERROR;
				CLANG_WARN_QUOTED_INCLUDE_IN_FRAMEWORK_HEADER = YES;
				CLANG_WARN_RANGE_LOOP_ANALYSIS = YES;
				CLANG_WARN_STRICT_PROTOTYPES = YES;
				CLANG_WARN_SUSPICIOUS_MOVE = YES;
				CLANG_WARN_UNGUARDED_AVAILABILITY = YES_AGGRESSIVE;
				CLANG_WARN_UNREACHABLE_CODE = YES;
				CLANG_WARN__DUPLICATE_METHOD_MATCH = YES;
				COPY_PHASE_STRIP = NO;
				DEBUG_INFORMATION_FORMAT = dwarf;
				DEVELOPMENT_TEAM = SDCSUQWBYR;
				ENABLE_STRICT_OBJC_MSGSEND = YES;
				ENABLE_TESTABILITY = YES;
				ENABLE_USER_SCRIPT_SANDBOXING = YES;
				GCC_C_LANGUAGE_STANDARD = gnu17;
				GCC_DYNAMIC_NO_PIC = NO;
				GCC_NO_COMMON_BLOCKS = YES;
				GCC_OPTIMIZATION_LEVEL = 0;
				GCC_PREPROCESSOR_DEFINITIONS = (
					"DEBUG=1",
					"$(inherited)",
				);
				GCC_WARN_64_TO_32_BIT_CONVERSION = YES;
				GCC_WARN_ABOUT_RETURN_TYPE = YES_ERROR;
				GCC_WARN_UNDECLARED_SELECTOR = YES;
				GCC_WARN_UNINITIALIZED_AUTOS = YES_AGGRESSIVE;
				GCC_WARN_UNUSED_FUNCTION = YES;
				GCC_WARN_UNUSED_VARIABLE = YES;
				LOCALIZATION_PREFERS_STRING_CATALOGS = YES;
				MACOSX_DEPLOYMENT_TARGET = 26.1;
				MTL_ENABLE_DEBUG_INFO = INCLUDE_SOURCE;
				MTL_FAST_MATH = YES;
				ONLY_ACTIVE_ARCH = YES;
				SDKROOT = macosx;
				SWIFT_ACTIVE_COMPILATION_CONDITIONS = "DEBUG $(inherited)";
				SWIFT_OPTIMIZATION_LEVEL = "-Onone";
			};
			name = Debug;
		};
		B3913FC62F7850B20080F663 /* Release */ = {
			isa = XCBuildConfiguration;
			buildSettings = {
				ALWAYS_SEARCH_USER_PATHS = NO;
				ASSETCATALOG_COMPILER_GENERATE_SWIFT_ASSET_SYMBOL_EXTENSIONS = YES;
				CLANG_ANALYZER_NONNULL = YES;
				CLANG_ANALYZER_NUMBER_OBJECT_CONVERSION = YES_AGGRESSIVE;
				CLANG_CXX_LANGUAGE_STANDARD = "gnu++20";
				CLANG_ENABLE_MODULES = YES;
				CLANG_ENABLE_OBJC_ARC = YES;
				CLANG_ENABLE_OBJC_WEAK = YES;
				CLANG_WARN_BLOCK_CAPTURE_AUTORELEASING = YES;
				CLANG_WARN_BOOL_CONVERSION = YES;
				CLANG_WARN_COMMA = YES;
				CLANG_WARN_CONSTANT_CONVERSION = YES;
				CLANG_WARN_DEPRECATED_OBJC_IMPLEMENTATIONS = YES;
				CLANG_WARN_DIRECT_OBJC_ISA_USAGE = YES_ERROR;
				CLANG_WARN_DOCUMENTATION_COMMENTS = YES;
				CLANG_WARN_EMPTY_BODY = YES;
				CLANG_WARN_ENUM_CONVERSION = YES;
				CLANG_WARN_INFINITE_RECURSION = YES;
				CLANG_WARN_INT_CONVERSION = YES;
				CLANG_WARN_NON_LITERAL_NULL_CONVERSION = YES;
				CLANG_WARN_OBJC_IMPLICIT_RETAIN_SELF = YES;
				CLANG_WARN_OBJC_LITERAL_CONVERSION = YES;
				CLANG_WARN_OBJC_ROOT_CLASS = YES_ERROR;
				CLANG_WARN_QUOTED_INCLUDE_IN_FRAMEWORK_HEADER = YES;
				CLANG_WARN_RANGE_LOOP_ANALYSIS = YES;
				CLANG_WARN_STRICT_PROTOTYPES = YES;
				CLANG_WARN_SUSPICIOUS_MOVE = YES;
				CLANG_WARN_UNGUARDED_AVAILABILITY = YES_AGGRESSIVE;
				CLANG_WARN_UNREACHABLE_CODE = YES;
				CLANG_WARN__DUPLICATE_METHOD_MATCH = YES;
				COPY_PHASE_STRIP = NO;
				DEBUG_INFORMATION_FORMAT = "dwarf-with-dsym";
				DEVELOPMENT_TEAM = SDCSUQWBYR;
				ENABLE_NS_ASSERTIONS = NO;
				ENABLE_STRICT_OBJC_MSGSEND = YES;
				ENABLE_USER_SCRIPT_SANDBOXING = YES;
				GCC_C_LANGUAGE_STANDARD = gnu17;
				GCC_NO_COMMON_BLOCKS = YES;
				GCC_WARN_64_TO_32_BIT_CONVERSION = YES;
				GCC_WARN_ABOUT_RETURN_TYPE = YES_ERROR;
				GCC_WARN_UNDECLARED_SELECTOR = YES;
				GCC_WARN_UNINITIALIZED_AUTOS = YES_AGGRESSIVE;
				GCC_WARN_UNUSED_FUNCTION = YES;
				GCC_WARN_UNUSED_VARIABLE = YES;
				LOCALIZATION_PREFERS_STRING_CATALOGS = YES;
				MACOSX_DEPLOYMENT_TARGET = 26.1;
				MTL_ENABLE_DEBUG_INFO = NO;
				MTL_FAST_MATH = YES;
				SDKROOT = macosx;
				SWIFT_COMPILATION_MODE = wholemodule;
			};
			name = Release;
		};
		B3913FC92F7850B20080F663 /* Debug */ = {
			isa = XCBuildConfiguration;
			buildSettings = {
				ASSETCATALOG_COMPILER_APPICON_NAME = AppIcon;
				ASSETCATALOG_COMPILER_GLOBAL_ACCENT_COLOR_NAME = AccentColor;
				CODE_SIGN_STYLE = Automatic;
				COMBINE_HIDPI_IMAGES = YES;
				CURRENT_PROJECT_VERSION = 1;
				DEVELOPMENT_TEAM = SDCSUQWBYR;
				ENABLE_APP_SANDBOX = YES;
				ENABLE_HARDENED_RUNTIME = YES;
				ENABLE_OUTGOING_NETWORK_CONNECTIONS = YES;
				ENABLE_USER_SELECTED_FILES = readonly;
				GENERATE_INFOPLIST_FILE = YES;
				INFOPLIST_KEY_CFBundleDisplayName = "Fuzzy Tab";
				INFOPLIST_KEY_NSHumanReadableCopyright = "";
				INFOPLIST_KEY_NSMainStoryboardFile = Main;
				INFOPLIST_KEY_NSPrincipalClass = NSApplication;
				LD_RUNPATH_SEARCH_PATHS = (
					"$(inherited)",
					"@executable_path/../Frameworks",
				);
				MARKETING_VERSION = 1.0;
				OTHER_LDFLAGS = (
					"-framework",
					SafariServices,
					"-framework",
					WebKit,
				);
				PRODUCT_BUNDLE_IDENTIFIER = "rvdeguzman.Fuzzy-Tab";
				PRODUCT_NAME = "$(TARGET_NAME)";
				REGISTER_APP_GROUPS = YES;
				STRING_CATALOG_GENERATE_SYMBOLS = YES;
				SWIFT_APPROACHABLE_CONCURRENCY = YES;
				SWIFT_DEFAULT_ACTOR_ISOLATION = MainActor;
				SWIFT_EMIT_LOC_STRINGS = YES;
				SWIFT_UPCOMING_FEATURE_MEMBER_IMPORT_VISIBILITY = YES;
				SWIFT_VERSION = 5.0;
			};
			name = Debug;
		};
		B3913FCA2F7850B20080F663 /* Release */ = {
			isa = XCBuildConfiguration;
			buildSettings = {
				ASSETCATALOG_COMPILER_APPICON_NAME = AppIcon;
				ASSETCATALOG_COMPILER_GLOBAL_ACCENT_COLOR_NAME = AccentColor;
				CODE_SIGN_STYLE = Automatic;
				COMBINE_HIDPI_IMAGES = YES;
				CURRENT_PROJECT_VERSION = 1;
				DEVELOPMENT_TEAM = SDCSUQWBYR;
				ENABLE_APP_SANDBOX = YES;
				ENABLE_HARDENED_RUNTIME = YES;
				ENABLE_OUTGOING_NETWORK_CONNECTIONS = YES;
				ENABLE_USER_SELECTED_FILES = readonly;
				GENERATE_INFOPLIST_FILE = YES;
				INFOPLIST_KEY_CFBundleDisplayName = "Fuzzy Tab";
				INFOPLIST_KEY_NSHumanReadableCopyright = "";
				INFOPLIST_KEY_NSMainStoryboardFile = Main;
				INFOPLIST_KEY_NSPrincipalClass = NSApplication;
				LD_RUNPATH_SEARCH_PATHS = (
					"$(inherited)",
					"@executable_path/../Frameworks",
				);
				MARKETING_VERSION = 1.0;
				OTHER_LDFLAGS = (
					"-framework",
					SafariServices,
					"-framework",
					WebKit,
				);
				PRODUCT_BUNDLE_IDENTIFIER = "rvdeguzman.Fuzzy-Tab";
				PRODUCT_NAME = "$(TARGET_NAME)";
				REGISTER_APP_GROUPS = YES;
				STRING_CATALOG_GENERATE_SYMBOLS = YES;
				SWIFT_APPROACHABLE_CONCURRENCY = YES;
				SWIFT_DEFAULT_ACTOR_ISOLATION = MainActor;
				SWIFT_EMIT_LOC_STRINGS = YES;
				SWIFT_UPCOMING_FEATURE_MEMBER_IMPORT_VISIBILITY = YES;
				SWIFT_VERSION = 5.0;
			};
			name = Release;
		};
		B3913FCC2F7850B20080F663 /* Debug */ = {
			isa = XCBuildConfiguration;
			buildSettings = {
				BUNDLE_LOADER = "$(TEST_HOST)";
				CODE_SIGN_STYLE = Automatic;
				CURRENT_PROJECT_VERSION = 1;
				DEVELOPMENT_TEAM = SDCSUQWBYR;
				GENERATE_INFOPLIST_FILE = YES;
				MACOSX_DEPLOYMENT_TARGET = 26.1;
				MARKETING_VERSION = 1.0;
				PRODUCT_BUNDLE_IDENTIFIER = "rvdeguzman.Fuzzy-TabTests";
				PRODUCT_NAME = "$(TARGET_NAME)";
				STRING_CATALOG_GENERATE_SYMBOLS = NO;
				SWIFT_APPROACHABLE_CONCURRENCY = YES;
				SWIFT_EMIT_LOC_STRINGS = NO;
				SWIFT_UPCOMING_FEATURE_MEMBER_IMPORT_VISIBILITY = YES;
				SWIFT_VERSION = 5.0;
				TEST_HOST = "$(BUILT_PRODUCTS_DIR)/Fuzzy Tab.app/$(BUNDLE_EXECUTABLE_FOLDER_PATH)/Fuzzy Tab";
			};
			name = Debug;
		};
		B3913FCD2F7850B20080F663 /* Release */ = {
			isa = XCBuildConfiguration;
			buildSettings = {
				BUNDLE_LOADER = "$(TEST_HOST)";
				CODE_SIGN_STYLE = Automatic;
				CURRENT_PROJECT_VERSION = 1;
				DEVELOPMENT_TEAM = SDCSUQWBYR;
				GENERATE_INFOPLIST_FILE = YES;
				MACOSX_DEPLOYMENT_TARGET = 26.1;
				MARKETING_VERSION = 1.0;
				PRODUCT_BUNDLE_IDENTIFIER = "rvdeguzman.Fuzzy-TabTests";
				PRODUCT_NAME = "$(TARGET_NAME)";
				STRING_CATALOG_GENERATE_SYMBOLS = NO;
				SWIFT_APPROACHABLE_CONCURRENCY = YES;
				SWIFT_EMIT_LOC_STRINGS = NO;
				SWIFT_UPCOMING_FEATURE_MEMBER_IMPORT_VISIBILITY = YES;
				SWIFT_VERSION = 5.0;
				TEST_HOST = "$(BUILT_PRODUCTS_DIR)/Fuzzy Tab.app/$(BUNDLE_EXECUTABLE_FOLDER_PATH)/Fuzzy Tab";
			};
			name = Release;
		};
		B3913FCF2F7850B20080F663 /* Debug */ = {
			isa = XCBuildConfiguration;
			buildSettings = {
				CODE_SIGN_STYLE = Automatic;
				CURRENT_PROJECT_VERSION = 1;
				DEVELOPMENT_TEAM = SDCSUQWBYR;
				GENERATE_INFOPLIST_FILE = YES;
				MARKETING_VERSION = 1.0;
				PRODUCT_BUNDLE_IDENTIFIER = "rvdeguzman.Fuzzy-TabUITests";
				PRODUCT_NAME = "$(TARGET_NAME)";
				STRING_CATALOG_GENERATE_SYMBOLS = NO;
				SWIFT_APPROACHABLE_CONCURRENCY = YES;
				SWIFT_EMIT_LOC_STRINGS = NO;
				SWIFT_UPCOMING_FEATURE_MEMBER_IMPORT_VISIBILITY = YES;
				SWIFT_VERSION = 5.0;
				TEST_TARGET_NAME = "Fuzzy Tab";
			};
			name = Debug;
		};
		B3913FD02F7850B20080F663 /* Release */ = {
			isa = XCBuildConfiguration;
			buildSettings = {
				CODE_SIGN_STYLE = Automatic;
				CURRENT_PROJECT_VERSION = 1;
				DEVELOPMENT_TEAM = SDCSUQWBYR;
				GENERATE_INFOPLIST_FILE = YES;
				MARKETING_VERSION = 1.0;
				PRODUCT_BUNDLE_IDENTIFIER = "rvdeguzman.Fuzzy-TabUITests";
				PRODUCT_NAME = "$(TARGET_NAME)";
				STRING_CATALOG_GENERATE_SYMBOLS = NO;
				SWIFT_APPROACHABLE_CONCURRENCY = YES;
				SWIFT_EMIT_LOC_STRINGS = NO;
				SWIFT_UPCOMING_FEATURE_MEMBER_IMPORT_VISIBILITY = YES;
				SWIFT_VERSION = 5.0;
				TEST_TARGET_NAME = "Fuzzy Tab";
			};
			name = Release;
		};
/* End XCBuildConfiguration section */

/* Begin XCConfigurationList section */
		B3913F732F7850B20080F663 /* Build configuration list for PBXProject "Fuzzy Tab" */ = {
			isa = XCConfigurationList;
			buildConfigurations = (
				B3913FC52F7850B20080F663 /* Debug */,
				B3913FC62F7850B20080F663 /* Release */,
			);
			defaultConfigurationIsVisible = 0;
			defaultConfigurationName = Release;
		};
		B3913FC22F7850B20080F663 /* Build configuration list for PBXNativeTarget "Fuzzy Tab Extension" */ = {
			isa = XCConfigurationList;
			buildConfigurations = (
				B3913FC32F7850B20080F663 /* Debug */,
				B3913FC42F7850B20080F663 /* Release */,
			);
			defaultConfigurationIsVisible = 0;
			defaultConfigurationName = Release;
		};
		B3913FC82F7850B20080F663 /* Build configuration list for PBXNativeTarget "Fuzzy Tab" */ = {
			isa = XCConfigurationList;
			buildConfigurations = (
				B3913FC92F7850B20080F663 /* Debug */,
				B3913FCA2F7850B20080F663 /* Release */,
			);
			defaultConfigurationIsVisible = 0;
			defaultConfigurationName = Release;
		};
		B3913FCB2F7850B20080F663 /* Build configuration list for PBXNativeTarget "Fuzzy TabTests" */ = {
			isa = XCConfigurationList;
			buildConfigurations = (
				B3913FCC2F7850B20080F663 /* Debug */,
				B3913FCD2F7850B20080F663 /* Release */,
			);
			defaultConfigurationIsVisible = 0;
			defaultConfigurationName = Release;
		};
		B3913FCE2F7850B20080F663 /* Build configuration list for PBXNativeTarget "Fuzzy TabUITests" */ = {
			isa = XCConfigurationList;
			buildConfigurations = (
				B3913FCF2F7850B20080F663 /* Debug */,
				B3913FD02F7850B20080F663 /* Release */,
			);
			defaultConfigurationIsVisible = 0;
			defaultConfigurationName = Release;
		};
/* End XCConfigurationList section */
	};
	rootObject = B3913F702F7850B20080F663 /* Project object */;
}
